
Microsoft Visual Studio Solution File, Format Version 12.00
# Visual Studio Version 17
VisualStudioVersion = 17.10.35122.118
MinimumVisualStudioVersion = 10.0.40219.1
Project("{2150E333-8FDC-42A3-9474-1A3956D46DE8}") = "src", "src", "{86EDA7B2-C040-4623-A7B7-C2DC9F5297BC}"
EndProject
Project("{2150E333-8FDC-42A3-9474-1A3956D46DE8}") = "Infrastructure", "Infrastructure", "{C3F60AC7-93CD-4EC0-91CB-049C5E89E225}"
EndProject
Project("{2150E333-8FDC-42A3-9474-1A3956D46DE8}") = "Presentation", "Presentation", "{D2E73105-F485-4F16-B14F-A1DF622A8805}"
EndProject
Project("{2150E333-8FDC-42A3-9474-1A3956D46DE8}") = "Clients", "Clients", "{ABEF6918-E1BF-4F93-9ABB-2467C235E9E6}"
EndProject
Project("{2150E333-8FDC-42A3-9474-1A3956D46DE8}") = "Core", "Core", "{D9319EFC-1E72-4E20-B421-522896B40945}"
EndProject
Project("{9A19103F-16F7-4668-BE54-9A1E7A4F7556}") = "Blog.Domain", "src\Core\Blog.Domain\Blog.Domain.csproj", "{B5DCDA70-CAE5-4DD9-9772-20AC66AA7196}"
EndProject
Project("{9A19103F-16F7-4668-BE54-9A1E7A4F7556}") = "Blog.WebApi", "src\Presentation\Blog.WebApi\Blog.WebApi.csproj", "{2AAB2B9F-1CDA-482E-9CC3-9B58814781D2}"
EndProject
Project("{54A90642-561A-4BB1-A94E-469ADEE60C69}") = "Blog.UI", "src\Clients\Blog.UI\Blog.UI.esproj", "{B0E1A691-EA93-4D75-B66D-91E1C2046DDA}"
EndProject
Project("{9A19103F-16F7-4668-BE54-9A1E7A4F7556}") = "Blog.Persistance", "src\Infrastructure\Blog.Persistance\Blog.Persistance.csproj", "{10A028BF-6300-4BED-BC14-058FBBC5C871}"
EndProject
Project("{9A19103F-16F7-4668-BE54-9A1E7A4F7556}") = "Blog.Application", "src\Core\Blog.Application\Blog.Application.csproj", "{9E96AE75-3128-44FC-8858-0BF593636E9E}"
EndProject
Project("{9A19103F-16F7-4668-BE54-9A1E7A4F7556}") = "Blog.Infrastructure", "src\Infrastructure\Blog.Infrastructure\Blog.Infrastructure.csproj", "{17840B75-70DB-44C3-B309-A443BDE8FD9F}"
EndProject
Global
	GlobalSection(SolutionConfigurationPlatforms) = preSolution
		Debug|Any CPU = Debug|Any CPU
		Release|Any CPU = Release|Any CPU
	EndGlobalSection
	GlobalSection(ProjectConfigurationPlatforms) = postSolution
		{B5DCDA70-CAE5-4DD9-9772-20AC66AA7196}.Debug|Any CPU.ActiveCfg = Debug|Any CPU
		{B5DCDA70-CAE5-4DD9-9772-20AC66AA7196}.Debug|Any CPU.Build.0 = Debug|Any CPU
		{B5DCDA70-CAE5-4DD9-9772-20AC66AA7196}.Release|Any CPU.ActiveCfg = Release|Any CPU
		{B5DCDA70-CAE5-4DD9-9772-20AC66AA7196}.Release|Any CPU.Build.0 = Release|Any CPU
		{2AAB2B9F-1CDA-482E-9CC3-9B58814781D2}.Debug|Any CPU.ActiveCfg = Debug|Any CPU
		{2AAB2B9F-1CDA-482E-9CC3-9B58814781D2}.Debug|Any CPU.Build.0 = Debug|Any CPU
		{2AAB2B9F-1CDA-482E-9CC3-9B58814781D2}.Release|Any CPU.ActiveCfg = Release|Any CPU
		{2AAB2B9F-1CDA-482E-9CC3-9B58814781D2}.Release|Any CPU.Build.0 = Release|Any CPU
		{B0E1A691-EA93-4D75-B66D-91E1C2046DDA}.Debug|Any CPU.ActiveCfg = Debug|Any CPU
		{B0E1A691-EA93-4D75-B66D-91E1C2046DDA}.Debug|Any CPU.Build.0 = Debug|Any CPU
		{B0E1A691-EA93-4D75-B66D-91E1C2046DDA}.Debug|Any CPU.Deploy.0 = Debug|Any CPU
		{B0E1A691-EA93-4D75-B66D-91E1C2046DDA}.Release|Any CPU.ActiveCfg = Release|Any CPU
		{B0E1A691-EA93-4D75-B66D-91E1C2046DDA}.Release|Any CPU.Build.0 = Release|Any CPU
		{B0E1A691-EA93-4D75-B66D-91E1C2046DDA}.Release|Any CPU.Deploy.0 = Release|Any CPU
		{10A028BF-6300-4BED-BC14-058FBBC5C871}.Debug|Any CPU.ActiveCfg = Debug|Any CPU
		{10A028BF-6300-4BED-BC14-058FBBC5C871}.Debug|Any CPU.Build.0 = Debug|Any CPU
		{10A028BF-6300-4BED-BC14-058FBBC5C871}.Release|Any CPU.ActiveCfg = Release|Any CPU
		{10A028BF-6300-4BED-BC14-058FBBC5C871}.Release|Any CPU.Build.0 = Release|Any CPU
		{9E96AE75-3128-44FC-8858-0BF593636E9E}.Debug|Any CPU.ActiveCfg = Debug|Any CPU
		{9E96AE75-3128-44FC-8858-0BF593636E9E}.Debug|Any CPU.Build.0 = Debug|Any CPU
		{9E96AE75-3128-44FC-8858-0BF593636E9E}.Release|Any CPU.ActiveCfg = Release|Any CPU
		{9E96AE75-3128-44FC-8858-0BF593636E9E}.Release|Any CPU.Build.0 = Release|Any CPU
		{17840B75-70DB-44C3-B309-A443BDE8FD9F}.Debug|Any CPU.ActiveCfg = Debug|Any CPU
		{17840B75-70DB-44C3-B309-A443BDE8FD9F}.Debug|Any CPU.Build.0 = Debug|Any CPU
		{17840B75-70DB-44C3-B309-A443BDE8FD9F}.Release|Any CPU.ActiveCfg = Release|Any CPU
		{17840B75-70DB-44C3-B309-A443BDE8FD9F}.Release|Any CPU.Build.0 = Release|Any CPU
	EndGlobalSection
	GlobalSection(SolutionProperties) = preSolution
		HideSolutionNode = FALSE
	EndGlobalSection
	GlobalSection(NestedProjects) = preSolution
		{C3F60AC7-93CD-4EC0-91CB-049C5E89E225} = {86EDA7B2-C040-4623-A7B7-C2DC9F5297BC}
		{D2E73105-F485-4F16-B14F-A1DF622A8805} = {86EDA7B2-C040-4623-A7B7-C2DC9F5297BC}
		{ABEF6918-E1BF-4F93-9ABB-2467C235E9E6} = {86EDA7B2-C040-4623-A7B7-C2DC9F5297BC}
		{D9319EFC-1E72-4E20-B421-522896B40945} = {86EDA7B2-C040-4623-A7B7-C2DC9F5297BC}
		{B5DCDA70-CAE5-4DD9-9772-20AC66AA7196} = {D9319EFC-1E72-4E20-B421-522896B40945}
		{2AAB2B9F-1CDA-482E-9CC3-9B58814781D2} = {D2E73105-F485-4F16-B14F-A1DF622A8805}
		{B0E1A691-EA93-4D75-B66D-91E1C2046DDA} = {ABEF6918-E1BF-4F93-9ABB-2467C235E9E6}
		{10A028BF-6300-4BED-BC14-058FBBC5C871} = {C3F60AC7-93CD-4EC0-91CB-049C5E89E225}
		{9E96AE75-3128-44FC-8858-0BF593636E9E} = {D9319EFC-1E72-4E20-B421-522896B40945}
		{17840B75-70DB-44C3-B309-A443BDE8FD9F} = {C3F60AC7-93CD-4EC0-91CB-049C5E89E225}
	EndGlobalSection
	GlobalSection(ExtensibilityGlobals) = postSolution
		SolutionGuid = {B3B2AF9A-785F-469D-AE46-40C86B156D0E}
	EndGlobalSection
EndGlobal
